<Solution>
  <Project Path="Assembly-CSharp.csproj" />
  <Project Path="SidekickCharacters.Editor.csproj" />
  <Project Path="SidekickCharacters.csproj" />
  <Project Path="ParrelSync.csproj" />
  <Project Path="Assembly-CSharp-firstpass.csproj" />
  <Project Path="Gilzoide.SqliteNet.csproj" />
  <Project Path="Gilzoide.SqliteNet.Tests.Editor.csproj" />
  <Project Path="Assembly-CSharp-Editor.csproj" />
</Solution>
